
Microsoft Visual Studio Solution File, Format Version 12.00
# Visual Studio Version 17
VisualStudioVersion = 17.13.36105.23 d17.13
MinimumVisualStudioVersion = 10.0.40219.1
Project("{FAE04EC0-301F-11D3-BF4B-00C04F79EFBC}") = "Gestao", "Gestao\Gestao\Gestao.csproj", "{8B5336A4-C699-4FE7-86A4-0845C51FD3C2}"
EndProject
Project("{FAE04EC0-301F-11D3-BF4B-00C04F79EFBC}") = "Gestao.Client", "Gestao\Gestao.Client\Gestao.Client.csproj", "{9034C2AC-6BEF-4356-B9CB-2AA4596AD3E9}"
EndProject
Global
	GlobalSection(SolutionConfigurationPlatforms) = preSolution
		Debug|Any CPU = Debug|Any CPU
		Release|Any CPU = Release|Any CPU
	EndGlobalSection
	GlobalSection(ProjectConfigurationPlatforms) = postSolution
		{8B5336A4-C699-4FE7-86A4-0845C51FD3C2}.Debug|Any CPU.ActiveCfg = Debug|Any CPU
		{8B5336A4-C699-4FE7-86A4-0845C51FD3C2}.Debug|Any CPU.Build.0 = Debug|Any CPU
		{8B5336A4-C699-4FE7-86A4-0845C51FD3C2}.Release|Any CPU.ActiveCfg = Release|Any CPU
		{8B5336A4-C699-4FE7-86A4-0845C51FD3C2}.Release|Any CPU.Build.0 = Release|Any CPU
		{9034C2AC-6BEF-4356-B9CB-2AA4596AD3E9}.Debug|Any CPU.ActiveCfg = Debug|Any CPU
		{9034C2AC-6BEF-4356-B9CB-2AA4596AD3E9}.Debug|Any CPU.Build.0 = Debug|Any CPU
		{9034C2AC-6BEF-4356-B9CB-2AA4596AD3E9}.Release|Any CPU.ActiveCfg = Release|Any CPU
		{9034C2AC-6BEF-4356-B9CB-2AA4596AD3E9}.Release|Any CPU.Build.0 = Release|Any CPU
	EndGlobalSection
	GlobalSection(SolutionProperties) = preSolution
		HideSolutionNode = FALSE
	EndGlobalSection
	GlobalSection(ExtensibilityGlobals) = postSolution
		SolutionGuid = {21581D6B-4202-47BE-B6CC-5E8BD9B1488F}
	EndGlobalSection
EndGlobal
